
Microsoft Visual Studio Solution File, Format Version 12.00
# Visual Studio Version 17
VisualStudioVersion = 17.4.33403.182
MinimumVisualStudioVersion = 10.0.40219.1
Project("{9A19103F-16F7-4668-BE54-9A1E7A4F7556}") = "MOFLibrary", "MOFLibrary.csproj", "{54D1F286-E664-436A-94F3-12617136027F}"
EndProject
Project("{FAE04EC0-301F-11D3-BF4B-00C04F79EFBC}") = "MOFUI", "..\MOFUI\MOFUI.csproj", "{AA0286F6-7FBD-440E-8739-4579AACEB7AE}"
EndProject
Global
	GlobalSection(SolutionConfigurationPlatforms) = preSolution
		Debug|Any CPU = Debug|Any CPU
		Release|Any CPU = Release|Any CPU
	EndGlobalSection
	GlobalSection(ProjectConfigurationPlatforms) = postSolution
		{54D1F286-E664-436A-94F3-12617136027F}.Debug|Any CPU.ActiveCfg = Debug|Any CPU
		{54D1F286-E664-436A-94F3-12617136027F}.Debug|Any CPU.Build.0 = Debug|Any CPU
		{54D1F286-E664-436A-94F3-12617136027F}.Release|Any CPU.ActiveCfg = Release|Any CPU
		{54D1F286-E664-436A-94F3-12617136027F}.Release|Any CPU.Build.0 = Release|Any CPU
		{AA0286F6-7FBD-440E-8739-4579AACEB7AE}.Debug|Any CPU.ActiveCfg = Debug|Any CPU
		{AA0286F6-7FBD-440E-8739-4579AACEB7AE}.Debug|Any CPU.Build.0 = Debug|Any CPU
		{AA0286F6-7FBD-440E-8739-4579AACEB7AE}.Release|Any CPU.ActiveCfg = Release|Any CPU
		{AA0286F6-7FBD-440E-8739-4579AACEB7AE}.Release|Any CPU.Build.0 = Release|Any CPU
	EndGlobalSection
	GlobalSection(SolutionProperties) = preSolution
		HideSolutionNode = FALSE
	EndGlobalSection
	GlobalSection(ExtensibilityGlobals) = postSolution
		SolutionGuid = {495122EA-C4D8-482D-8857-D24035DC7DA5}
	EndGlobalSection
EndGlobal
